// !$*UTF8*$!
{
	archiveVersion = 1;
	classes = {
	};
	objectVersion = 46;
	objects = {

/* Begin PBXBuildFile section */
		A6F4FF211D03314500EE1C68 /* main.m in Sources */ = {isa = PBXBuildFile; fileRef = A6F4FF201D03314500EE1C68 /* main.m */; };
		A6F4FF241D03314500EE1C68 /* AppDelegate.m in Sources */ = {isa = PBXBuildFile; fileRef = A6F4FF231D03314500EE1C68 /* AppDelegate.m */; };
		A6F4FF271D03314500EE1C68 /* FirstViewController.m in Sources */ = {isa = PBXBuildFile; fileRef = A6F4FF261D03314500EE1C68 /* FirstViewController.m */; };
		A6F4FF2A1D03314500EE1C68 /* SecondViewController.m in Sources */ = {isa = PBXBuildFile; fileRef = A6F4FF291D03314500EE1C68 /* SecondViewController.m */; };
		A6F4FF2D1D03314500EE1C68 /* Main.storyboard in Resources */ = {isa = PBXBuildFile; fileRef = A6F4FF2B1D03314500EE1C68 /* Main.storyboard */; };
		A6F4FF2F1D03314500EE1C68 /* Assets.xcassets in Resources */ = {isa = PBXBuildFile; fileRef = A6F4FF2E1D03314500EE1C68 /* Assets.xcassets */; };
		A6F4FF321D03314500EE1C68 /* LaunchScreen.storyboard in Resources */ = {isa = PBXBuildFile; fileRef = A6F4FF301D03314500EE1C68 /* LaunchScreen.storyboard */; };
		A6F4FF3C1D03348900EE1C68 /* UGAPI in Resources */ = {isa = PBXBuildFile; fileRef = A6F4FF3B1D03348900EE1C68 /* UGAPI */; };
/* End PBXBuildFile section */

/* Begin PBXFileReference section */
		A6F4FF1C1D03314500EE1C68 /* mobile-ios.app */ = {isa = PBXFileReference; explicitFileType = wrapper.application; includeInIndex = 0; path = "mobile-ios.app"; sourceTree = BUILT_PRODUCTS_DIR; };
		A6F4FF201D03314500EE1C68 /* main.m */ = {isa = PBXFileReference; lastKnownFileType = sourcecode.c.objc; path = main.m; sourceTree = "<group>"; };
		A6F4FF221D03314500EE1C68 /* AppDelegate.h */ = {isa = PBXFileReference; lastKnownFileType = sourcecode.c.h; path = AppDelegate.h; sourceTree = "<group>"; };
		A6F4FF231D03314500EE1C68 /* AppDelegate.m */ = {isa = PBXFileReference; lastKnownFileType = sourcecode.c.objc; path = AppDelegate.m; sourceTree = "<group>"; };
		A6F4FF251D03314500EE1C68 /* FirstViewController.h */ = {isa = PBXFileReference; lastKnownFileType = sourcecode.c.h; path = FirstViewController.h; sourceTree = "<group>"; };
		A6F4FF261D03314500EE1C68 /* FirstViewController.m */ = {isa = PBXFileReference; lastKnownFileType = sourcecode.c.objc; path = FirstViewController.m; sourceTree = "<group>"; };
		A6F4FF281D03314500EE1C68 /* SecondViewController.h */ = {isa = PBXFileReference; lastKnownFileType = sourcecode.c.h; path = SecondViewController.h; sourceTree = "<group>"; };
		A6F4FF291D03314500EE1C68 /* SecondViewController.m */ = {isa = PBXFileReference; lastKnownFileType = sourcecode.c.objc; path = SecondViewController.m; sourceTree = "<group>"; };
		A6F4FF2C1D03314500EE1C68 /* Base */ = {isa = PBXFileReference; lastKnownFileType = file.storyboard; name = Base; path = Base.lproj/Main.storyboard; sourceTree = "<group>"; };
		A6F4FF2E1D03314500EE1C68 /* Assets.xcassets */ = {isa = PBXFileReference; lastKnownFileType = folder.assetcatalog; path = Assets.xcassets; sourceTree = "<group>"; };
		A6F4FF311D03314500EE1C68 /* Base */ = {isa = PBXFileReference; lastKnownFileType = file.storyboard; name = Base; path = Base.lproj/LaunchScreen.storyboard; sourceTree = "<group>"; };
		A6F4FF331D03314500EE1C68 /* Info.plist */ = {isa = PBXFileReference; lastKnownFileType = text.plist.xml; path = Info.plist; sourceTree = "<group>"; };
		A6F4FF3B1D03348900EE1C68 /* UGAPI */ = {isa = PBXFileReference; lastKnownFileType = folder; path = UGAPI; sourceTree = "<group>"; };
/* End PBXFileReference section */

/* Begin PBXFrameworksBuildPhase section */
		A6F4FF191D03314500EE1C68 /* Frameworks */ = {
			isa = PBXFrameworksBuildPhase;
			buildActionMask = 2147483647;
			files = (
			);
			runOnlyForDeploymentPostprocessing = 0;
		};
/* End PBXFrameworksBuildPhase section */

/* Begin PBXGroup section */
		A6F4FF131D03314500EE1C68 = {
			isa = PBXGroup;
			children = (
				A6F4FF1E1D03314500EE1C68 /* mobile-ios */,
				A6F4FF1D1D03314500EE1C68 /* Products */,
				A6F4FF3B1D03348900EE1C68 /* UGAPI */,
			);
			sourceTree = "<group>";
		};
		A6F4FF1D1D03314500EE1C68 /* Products */ = {
			isa = PBXGroup;
			children = (
				A6F4FF1C1D03314500EE1C68 /* mobile-ios.app */,
			);
			name = Products;
			sourceTree = "<group>";
		};
		A6F4FF1E1D03314500EE1C68 /* mobile-ios */ = {
			isa = PBXGroup;
			children = (
				A6F4FF221D03314500EE1C68 /* AppDelegate.h */,
				A6F4FF231D03314500EE1C68 /* AppDelegate.m */,
				A6F4FF251D03314500EE1C68 /* FirstViewController.h */,
				A6F4FF261D03314500EE1C68 /* FirstViewController.m */,
				A6F4FF281D03314500EE1C68 /* SecondViewController.h */,
				A6F4FF291D03314500EE1C68 /* SecondViewController.m */,
				A6F4FF2B1D03314500EE1C68 /* Main.storyboard */,
				A6F4FF2E1D03314500EE1C68 /* Assets.xcassets */,
				A6F4FF301D03314500EE1C68 /* LaunchScreen.storyboard */,
				A6F4FF331D03314500EE1C68 /* Info.plist */,
				A6F4FF1F1D03314500EE1C68 /* Supporting Files */,
			);
			path = "mobile-ios";
			sourceTree = "<group>";
		};
		A6F4FF1F1D03314500EE1C68 /* Supporting Files */ = {
			isa = PBXGroup;
			children = (
				A6F4FF201D03314500EE1C68 /* main.m */,
			);
			name = "Supporting Files";
			sourceTree = "<group>";
		};
/* End PBXGroup section */

/* Begin PBXNativeTarget section */
		A6F4FF1B1D03314500EE1C68 /* mobile-ios */ = {
			isa = PBXNativeTarget;
			buildConfigurationList = A6F4FF361D03314500EE1C68 /* Build configuration list for PBXNativeTarget "mobile-ios" */;
			buildPhases = (
				A6F4FF181D03314500EE1C68 /* Sources */,
				A6F4FF191D03314500EE1C68 /* Frameworks */,
				A6F4FF1A1D03314500EE1C68 /* Resources */,
			);
			buildRules = (
			);
			dependencies = (
			);
			name = "mobile-ios";
			productName = "mobile-ios";
			productReference = A6F4FF1C1D03314500EE1C68 /* mobile-ios.app */;
			productType = "com.apple.product-type.application";
		};
/* End PBXNativeTarget section */

/* Begin PBXProject section */
		A6F4FF141D03314500EE1C68 /* Project object */ = {
			isa = PBXProject;
			attributes = {
				LastUpgradeCheck = 0720;
				ORGANIZATIONNAME = rideshareatx;
				TargetAttributes = {
					A6F4FF1B1D03314500EE1C68 = {
						CreatedOnToolsVersion = 7.2.1;
					};
				};
			};
			buildConfigurationList = A6F4FF171D03314500EE1C68 /* Build configuration list for PBXProject "mobile-ios" */;
			compatibilityVersion = "Xcode 3.2";
			developmentRegion = English;
			hasScannedForEncodings = 0;
			knownRegions = (
				en,
				Base,
			);
			mainGroup = A6F4FF131D03314500EE1C68;
			productRefGroup = A6F4FF1D1D03314500EE1C68 /* Products */;
			projectDirPath = "";
			projectRoot = "";
			targets = (
				A6F4FF1B1D03314500EE1C68 /* mobile-ios */,
			);
		};
/* End PBXProject section */

/* Begin PBXResourcesBuildPhase section */
		A6F4FF1A1D03314500EE1C68 /* Resources */ = {
			isa = PBXResourcesBuildPhase;
			buildActionMask = 2147483647;
			files = (
				A6F4FF321D03314500EE1C68 /* LaunchScreen.storyboard in Resources */,
				A6F4FF2F1D03314500EE1C68 /* Assets.xcassets in Resources */,
				A6F4FF2D1D03314500EE1C68 /* Main.storyboard in Resources */,
				A6F4FF3C1D03348900EE1C68 /* UGAPI in Resources */,
			);
			runOnlyForDeploymentPostprocessing = 0;
		};
/* End PBXResourcesBuildPhase section */

/* Begin PBXSourcesBuildPhase section */
		A6F4FF181D03314500EE1C68 /* Sources */ = {
			isa = PBXSourcesBuildPhase;
			buildActionMask = 2147483647;
			files = (
				A6F4FF2A1D03314500EE1C68 /* SecondViewController.m in Sources */,
				A6F4FF241D03314500EE1C68 /* AppDelegate.m in Sources */,
				A6F4FF271D03314500EE1C68 /* FirstViewController.m in Sources */,
				A6F4FF211D03314500EE1C68 /* main.m in Sources */,
			);
			runOnlyForDeploymentPostprocessing = 0;
		};
/* End PBXSourcesBuildPhase section */

/* Begin PBXVariantGroup section */
		A6F4FF2B1D03314500EE1C68 /* Main.storyboard */ = {
			isa = PBXVariantGroup;
			children = (
				A6F4FF2C1D03314500EE1C68 /* Base */,
			);
			name = Main.storyboard;
			sourceTree = "<group>";
		};
		A6F4FF301D03314500EE1C68 /* LaunchScreen.storyboard */ = {
			isa = PBXVariantGroup;
			children = (
				A6F4FF311D03314500EE1C68 /* Base */,
			);
			name = LaunchScreen.storyboard;
			sourceTree = "<group>";
		};
/* End PBXVariantGroup section */

/* Begin XCBuildConfiguration section */
		A6F4FF341D03314500EE1C68 /* Debug */ = {
			isa = XCBuildConfiguration;
			buildSettings = {
				ALWAYS_SEARCH_USER_PATHS = NO;
				CLANG_CXX_LANGUAGE_STANDARD = "gnu++0x";
				CLANG_CXX_LIBRARY = "libc++";
				CLANG_ENABLE_MODULES = YES;
				CLANG_ENABLE_OBJC_ARC = YES;
				CLANG_WARN_BOOL_CONVERSION = YES;
				CLANG_WARN_CONSTANT_CONVERSION = YES;
				CLANG_WARN_DIRECT_OBJC_ISA_USAGE = YES_ERROR;
				CLANG_WARN_EMPTY_BODY = YES;
				CLANG_WARN_ENUM_CONVERSION = YES;
				CLANG_WARN_INT_CONVERSION = YES;
				CLANG_WARN_OBJC_ROOT_CLASS = YES_ERROR;
				CLANG_WARN_UNREACHABLE_CODE = YES;
				CLANG_WARN__DUPLICATE_METHOD_MATCH = YES;
				"CODE_SIGN_IDENTITY[sdk=iphoneos*]" = "iPhone Developer";
				COPY_PHASE_STRIP = NO;
				DEBUG_INFORMATION_FORMAT = dwarf;
				ENABLE_STRICT_OBJC_MSGSEND = YES;
				ENABLE_TESTABILITY = YES;
				GCC_C_LANGUAGE_STANDARD = gnu99;
				GCC_DYNAMIC_NO_PIC = NO;
				GCC_NO_COMMON_BLOCKS = YES;
				GCC_OPTIMIZATION_LEVEL = 0;
				GCC_PREPROCESSOR_DEFINITIONS = (
					"DEBUG=1",
					"$(inherited)",
				);
				GCC_WARN_64_TO_32_BIT_CONVERSION = YES;
				GCC_WARN_ABOUT_RETURN_TYPE = YES_ERROR;
				GCC_WARN_UNDECLARED_SELECTOR = YES;
				GCC_WARN_UNINITIALIZED_AUTOS = YES_AGGRESSIVE;
				GCC_WARN_UNUSED_FUNCTION = YES;
				GCC_WARN_UNUSED_VARIABLE = YES;
				IPHONEOS_DEPLOYMENT_TARGET = 9.2;
				MTL_ENABLE_DEBUG_INFO = YES;
				ONLY_ACTIVE_ARCH = YES;
				SDKROOT = iphoneos;
				TARGETED_DEVICE_FAMILY = "1,2";
			};
			name = Debug;
		};
		A6F4FF351D03314500EE1C68 /* Release */ = {
			isa = XCBuildConfiguration;
			buildSettings = {
				ALWAYS_SEARCH_USER_PATHS = NO;
				CLANG_CXX_LANGUAGE_STANDARD = "gnu++0x";
				CLANG_CXX_LIBRARY = "libc++";
				CLANG_ENABLE_MODULES = YES;
				CLANG_ENABLE_OBJC_ARC = YES;
				CLANG_WARN_BOOL_CONVERSION = YES;
				CLANG_WARN_CONSTANT_CONVERSION = YES;
				CLANG_WARN_DIRECT_OBJC_ISA_USAGE = YES_ERROR;
				CLANG_WARN_EMPTY_BODY = YES;
				CLANG_WARN_ENUM_CONVERSION = YES;
				CLANG_WARN_INT_CONVERSION = YES;
				CLANG_WARN_OBJC_ROOT_CLASS = YES_ERROR;
				CLANG_WARN_UNREACHABLE_CODE = YES;
				CLANG_WARN__DUPLICATE_METHOD_MATCH = YES;
				"CODE_SIGN_IDENTITY[sdk=iphoneos*]" = "iPhone Developer";
				COPY_PHASE_STRIP = NO;
				DEBUG_INFORMATION_FORMAT = "dwarf-with-dsym";
				ENABLE_NS_ASSERTIONS = NO;
				ENABLE_STRICT_OBJC_MSGSEND = YES;
				GCC_C_LANGUAGE_STANDARD = gnu99;
				GCC_NO_COMMON_BLOCKS = YES;
				GCC_WARN_64_TO_32_BIT_CONVERSION = YES;
				GCC_WARN_ABOUT_RETURN_TYPE = YES_ERROR;
				GCC_WARN_UNDECLARED_SELECTOR = YES;
				GCC_WARN_UNINITIALIZED_AUTOS = YES_AGGRESSIVE;
				GCC_WARN_UNUSED_FUNCTION = YES;
				GCC_WARN_UNUSED_VARIABLE = YES;
				IPHONEOS_DEPLOYMENT_TARGET = 9.2;
				MTL_ENABLE_DEBUG_INFO = NO;
				SDKROOT = iphoneos;
				TARGETED_DEVICE_FAMILY = "1,2";
				VALIDATE_PRODUCT = YES;
			};
			name = Release;
		};
		A6F4FF371D03314500EE1C68 /* Debug */ = {
			isa = XCBuildConfiguration;
			buildSettings = {
				ASSETCATALOG_COMPILER_APPICON_NAME = AppIcon;
				INFOPLIST_FILE = "mobile-ios/Info.plist";
				LD_RUNPATH_SEARCH_PATHS = "$(inherited) @executable_path/Frameworks";
				PRODUCT_BUNDLE_IDENTIFIER = "perptracker.com.mobile-ios";
				PRODUCT_NAME = "$(TARGET_NAME)";
			};
			name = Debug;
		};
		A6F4FF381D03314500EE1C68 /* Release */ = {
			isa = XCBuildConfiguration;
			buildSettings = {
				ASSETCATALOG_COMPILER_APPICON_NAME = AppIcon;
				INFOPLIST_FILE = "mobile-ios/Info.plist";
				LD_RUNPATH_SEARCH_PATHS = "$(inherited) @executable_path/Frameworks";
				PRODUCT_BUNDLE_IDENTIFIER = "perptracker.com.mobile-ios";
				PRODUCT_NAME = "$(TARGET_NAME)";
			};
			name = Release;
		};
/* End XCBuildConfiguration section */

/* Begin XCConfigurationList section */
		A6F4FF171D03314500EE1C68 /* Build configuration list for PBXProject "mobile-ios" */ = {
			isa = XCConfigurationList;
			buildConfigurations = (
				A6F4FF341D03314500EE1C68 /* Debug */,
				A6F4FF351D03314500EE1C68 /* Release */,
			);
			defaultConfigurationIsVisible = 0;
			defaultConfigurationName = Release;
		};
		A6F4FF361D03314500EE1C68 /* Build configuration list for PBXNativeTarget "mobile-ios" */ = {
			isa = XCConfigurationList;
			buildConfigurations = (
				A6F4FF371D03314500EE1C68 /* Debug */,
				A6F4FF381D03314500EE1C68 /* Release */,
			);
			defaultConfigurationIsVisible = 0;
		};
/* End XCConfigurationList section */
	};
	rootObject = A6F4FF141D03314500EE1C68 /* Project object */;
}
